
Microsoft Visual Studio Solution File, Format Version 12.00
# Visual Studio Version 17
VisualStudioVersion = 17.5.33424.131
MinimumVisualStudioVersion = 10.0.40219.1
Project("{FAE04EC0-301F-11D3-BF4B-00C04F79EFBC}") = "ElementsInTable", "ElementsInTable\ElementsInTable.csproj", "{7591E630-3DFE-4EF0-BC14-B8DAF1F8FA88}"
EndProject
Global
	GlobalSection(SolutionConfigurationPlatforms) = preSolution
		Debug|Any CPU = Debug|Any CPU
		Release|Any CPU = Release|Any CPU
	EndGlobalSection
	GlobalSection(ProjectConfigurationPlatforms) = postSolution
		{7591E630-3DFE-4EF0-BC14-B8DAF1F8FA88}.Debug|Any CPU.ActiveCfg = Debug|Any CPU
		{7591E630-3DFE-4EF0-BC14-B8DAF1F8FA88}.Debug|Any CPU.Build.0 = Debug|Any CPU
		{7591E630-3DFE-4EF0-BC14-B8DAF1F8FA88}.Release|Any CPU.ActiveCfg = Release|Any CPU
		{7591E630-3DFE-4EF0-BC14-B8DAF1F8FA88}.Release|Any CPU.Build.0 = Release|Any CPU
	EndGlobalSection
	GlobalSection(SolutionProperties) = preSolution
		HideSolutionNode = FALSE
	EndGlobalSection
	GlobalSection(ExtensibilityGlobals) = postSolution
		SolutionGuid = {EC6E48C9-E311-40A6-A19E-3534723B1861}
	EndGlobalSection
EndGlobal
